
Microsoft Visual Studio Solution File, Format Version 12.00
# Visual Studio Version 17
VisualStudioVersion = 17.4.33403.182
MinimumVisualStudioVersion = 10.0.40219.1
Project("{2150E333-8FDC-42A3-9474-1A3956D46DE8}") = "Common", "Common", "{8B2E603C-C69C-42AB-AD6B-5E0C2F2D1A17}"
EndProject
Project("{9A19103F-16F7-4668-BE54-9A1E7A4F7556}") = "App.Infrastructure", "App.Infrastructure\App.Infrastructure.csproj", "{364B26B6-57F7-458A-8049-C7F8E5B2025A}"
EndProject
Project("{9A19103F-16F7-4668-BE54-9A1E7A4F7556}") = "App.Services", "App.Services\App.Services.csproj", "{3216A808-A5F9-46ED-891F-CC45B746ECC1}"
EndProject
Project("{9A19103F-16F7-4668-BE54-9A1E7A4F7556}") = "App.Data", "App.Data\App.Data.csproj", "{1A55FE4A-7856-424C-BF35-F562B8DA1CAF}"
EndProject
Project("{2150E333-8FDC-42A3-9474-1A3956D46DE8}") = "Services", "Services", "{6176B991-F8E7-4919-8F4E-4FD43A86D84D}"
EndProject
Project("{2150E333-8FDC-42A3-9474-1A3956D46DE8}") = "Users", "Users", "{6411FA01-0C52-438B-97C6-F2598D09429B}"
EndProject
Project("{2150E333-8FDC-42A3-9474-1A3956D46DE8}") = "Templates", "Templates", "{6CB07186-750A-4480-9A26-5FB1F3CCAF1C}"
EndProject
Project("{2150E333-8FDC-42A3-9474-1A3956D46DE8}") = "Microservice", "Microservice", "{6820FB1D-5D47-432E-89DD-DC3E470D90AE}"
	ProjectSection(SolutionItems) = preProject
		Templates.Microservice\.template.config\template.json = Templates.Microservice\.template.config\template.json
	EndProjectSection
EndProject
Project("{9A19103F-16F7-4668-BE54-9A1E7A4F7556}") = "Template.Services.ServiceName", "Templates.Microservice\Template.Services.ServiceName\Template.Services.ServiceName.csproj", "{A7F4E6DA-AA1E-45DF-8099-2ADA6CEE332D}"
EndProject
Project("{9A19103F-16F7-4668-BE54-9A1E7A4F7556}") = "Template.Services.ServiceName.Data", "Templates.Microservice\Template.Services.ServiceName.Data\Template.Services.ServiceName.Data.csproj", "{14AE1F67-036F-4C15-AAAA-AD8C7926204D}"
EndProject
Project("{9A19103F-16F7-4668-BE54-9A1E7A4F7556}") = "Template.Services.ServiceName.Infrastructure", "Templates.Microservice\Template.Services.ServiceName.Infrastructure\Template.Services.ServiceName.Infrastructure.csproj", "{31DD4734-58C9-4692-A250-31C2E5589C54}"
EndProject
Project("{9A19103F-16F7-4668-BE54-9A1E7A4F7556}") = "Template.Services.ServiceName.Infrastructure.Commands", "Templates.Microservice\Template.Services.ServiceName.Infrastructure.Commands\Template.Services.ServiceName.Infrastructure.Commands.csproj", "{B0698A9B-020E-45F7-A57C-6751507E1D38}"
EndProject
Project("{9A19103F-16F7-4668-BE54-9A1E7A4F7556}") = "Template.Services.ServiceName.Infrastructure.Events", "Templates.Microservice\Template.Services.ServiceName.Infrastructure.Events\Template.Services.ServiceName.Infrastructure.Events.csproj", "{65BDCD30-6BEE-4B7B-AC9D-7874E3B5404B}"
EndProject
Project("{9A19103F-16F7-4668-BE54-9A1E7A4F7556}") = "Template.Services.ServiceName.Infrastructure.Grpc", "Templates.Microservice\Template.Services.ServiceName.Infrastructure.Grpc\Template.Services.ServiceName.Infrastructure.Grpc.csproj", "{248A8233-F644-4BFB-AF2B-D1DB82CE780D}"
EndProject
Project("{9A19103F-16F7-4668-BE54-9A1E7A4F7556}") = "App.Services.Users", "App.Services.Users\App.Services.Users\App.Services.Users.csproj", "{B8CBC760-C58C-4179-AADD-30A2024F2699}"
EndProject
Project("{9A19103F-16F7-4668-BE54-9A1E7A4F7556}") = "App.Services.Users.Data", "App.Services.Users\App.Services.Users.Data\App.Services.Users.Data.csproj", "{411B27CB-DD64-4E3A-9C13-D3C19744D791}"
EndProject
Project("{9A19103F-16F7-4668-BE54-9A1E7A4F7556}") = "App.Services.Users.Infrastructure", "App.Services.Users\App.Services.Users.Infrastructure\App.Services.Users.Infrastructure.csproj", "{CEFC06A1-6276-4722-B7BA-F78024700B5C}"
EndProject
Project("{9A19103F-16F7-4668-BE54-9A1E7A4F7556}") = "App.Services.Users.Infrastructure.Commands", "App.Services.Users\App.Services.Users.Infrastructure.Commands\App.Services.Users.Infrastructure.Commands.csproj", "{015CBAF8-3214-4909-9AD2-C572C026D18A}"
EndProject
Project("{9A19103F-16F7-4668-BE54-9A1E7A4F7556}") = "App.Services.Users.Infrastructure.Events", "App.Services.Users\App.Services.Users.Infrastructure.Events\App.Services.Users.Infrastructure.Events.csproj", "{2EE6924C-D65A-40C6-869A-4F1DDA3EF465}"
EndProject
Project("{9A19103F-16F7-4668-BE54-9A1E7A4F7556}") = "App.Services.Users.Infrastructure.Grpc", "App.Services.Users\App.Services.Users.Infrastructure.Grpc\App.Services.Users.Infrastructure.Grpc.csproj", "{4660388D-1C48-4609-A835-5960CCDB6653}"
EndProject
Project("{2150E333-8FDC-42A3-9474-1A3956D46DE8}") = "Gateway", "Gateway", "{08F96886-A3BE-4A14-97A5-15745A0B399C}"
EndProject
Project("{E53339B2-1760-4266-BCC7-CA923CBCF16C}") = "docker-compose", "docker-compose.dcproj", "{2C140880-5160-4C34-AC82-0B1B31331401}"
EndProject
Project("{2150E333-8FDC-42A3-9474-1A3956D46DE8}") = "Organizations", "Organizations", "{D5F49B4B-D0A9-434F-B2B9-1D9CCCDB4EC0}"
EndProject
Project("{9A19103F-16F7-4668-BE54-9A1E7A4F7556}") = "App.Services.Organizations", "App.Services.Organizations\App.Services.Organizations\App.Services.Organizations.csproj", "{824BE52A-B01B-4BE3-B3E8-A7FF6158A5E6}"
EndProject
Project("{9A19103F-16F7-4668-BE54-9A1E7A4F7556}") = "App.Services.Organizations.Data", "App.Services.Organizations\App.Services.Organizations.Data\App.Services.Organizations.Data.csproj", "{905A7309-DF75-4FAA-84A0-F16E57B30660}"
EndProject
Project("{9A19103F-16F7-4668-BE54-9A1E7A4F7556}") = "App.Services.Organizations.Infrastructure", "App.Services.Organizations\App.Services.Organizations.Infrastructure\App.Services.Organizations.Infrastructure.csproj", "{21559305-9413-470C-81E8-751A83CE73FB}"
EndProject
Project("{9A19103F-16F7-4668-BE54-9A1E7A4F7556}") = "App.Services.Organizations.Infrastructure.Commands", "App.Services.Organizations\App.Services.Organizations.Infrastructure.Commands\App.Services.Organizations.Infrastructure.Commands.csproj", "{7C888E79-3189-40D0-8365-23F22A18DFAB}"
EndProject
Project("{9A19103F-16F7-4668-BE54-9A1E7A4F7556}") = "App.Services.Organizations.Infrastructure.Events", "App.Services.Organizations\App.Services.Organizations.Infrastructure.Events\App.Services.Organizations.Infrastructure.Events.csproj", "{0CD67CC2-1015-40EE-9947-5DA63B64338E}"
EndProject
Project("{9A19103F-16F7-4668-BE54-9A1E7A4F7556}") = "App.Services.Organizations.Infrastructure.Grpc", "App.Services.Organizations\App.Services.Organizations.Infrastructure.Grpc\App.Services.Organizations.Infrastructure.Grpc.csproj", "{8A8AF709-D36D-46C0-B2FA-8A9E15CB10C3}"
EndProject
Project("{9A19103F-16F7-4668-BE54-9A1E7A4F7556}") = "App.Services.Users.Common", "App.Services.Users\App.Services.Users.Common\App.Services.Users.Common.csproj", "{E5F86246-8E9B-4E8B-B053-1CAB5F6BCF6D}"
EndProject
Project("{9A19103F-16F7-4668-BE54-9A1E7A4F7556}") = "Template.Services.ServiceName.Common", "Templates.Microservice\Template.Services.ServiceName.Common\Template.Services.ServiceName.Common.csproj", "{F1657FF8-22B8-4AF7-BA7F-A2199E572FB1}"
EndProject
Project("{9A19103F-16F7-4668-BE54-9A1E7A4F7556}") = "App.Services.Teams.Common", "App.Services.Teams\App.Services.Teams.Common\App.Services.Teams.Common.csproj", "{666154F3-34D7-42A0-A749-84FCD614BB50}"
EndProject
Project("{2150E333-8FDC-42A3-9474-1A3956D46DE8}") = "Teams", "Teams", "{7D848D06-BE9B-4CCA-AD7E-F08EF317F1F3}"
EndProject
Project("{9A19103F-16F7-4668-BE54-9A1E7A4F7556}") = "App.Services.Teams", "App.Services.Teams\App.Services.Teams\App.Services.Teams.csproj", "{2CE5146D-B187-4A71-8356-978C84EEA995}"
EndProject
Project("{9A19103F-16F7-4668-BE54-9A1E7A4F7556}") = "App.Services.Teams.Data", "App.Services.Teams\App.Services.Teams.Data\App.Services.Teams.Data.csproj", "{E46226CA-15C8-433D-A461-F9141B6316A8}"
EndProject
Project("{9A19103F-16F7-4668-BE54-9A1E7A4F7556}") = "App.Services.Teams.Infrastructure", "App.Services.Teams\App.Services.Teams.Infrastructure\App.Services.Teams.Infrastructure.csproj", "{E7968112-3244-4F92-B10F-2CF22EDDD208}"
EndProject
Project("{9A19103F-16F7-4668-BE54-9A1E7A4F7556}") = "App.Services.Teams.Infrastructure.Commands", "App.Services.Teams\App.Services.Teams.Infrastructure.Commands\App.Services.Teams.Infrastructure.Commands.csproj", "{ADCEAEC7-6098-491F-B7EC-CC1334270DBE}"
EndProject
Project("{9A19103F-16F7-4668-BE54-9A1E7A4F7556}") = "App.Services.Teams.Infrastructure.Events", "App.Services.Teams\App.Services.Teams.Infrastructure.Events\App.Services.Teams.Infrastructure.Events.csproj", "{B3529C75-9A5B-4BA5-A0A5-8C9D7DE200F3}"
EndProject
Project("{9A19103F-16F7-4668-BE54-9A1E7A4F7556}") = "App.Services.Teams.Infrastructure.Grpc", "App.Services.Teams\App.Services.Teams.Infrastructure.Grpc\App.Services.Teams.Infrastructure.Grpc.csproj", "{3F3ED231-6FAD-4980-A780-467ECA764938}"
EndProject
Project("{9A19103F-16F7-4668-BE54-9A1E7A4F7556}") = "App.Services.Organizations.Common", "App.Services.Organizations\App.Services.Organizations.Common\App.Services.Organizations.Common.csproj", "{6978F74B-2941-467F-B593-C42B3960469A}"
EndProject
Project("{2150E333-8FDC-42A3-9474-1A3956D46DE8}") = "Departments", "Departments", "{9EE7FC15-A3F5-4261-B869-F79FC045DAE8}"
EndProject
Project("{9A19103F-16F7-4668-BE54-9A1E7A4F7556}") = "App.Services.Departments", "App.Services.Departments\App.Services.Departments\App.Services.Departments.csproj", "{D7B2D9AB-42E2-422E-8533-7BF821772D70}"
EndProject
Project("{9A19103F-16F7-4668-BE54-9A1E7A4F7556}") = "App.Services.Departments.Common", "App.Services.Departments\App.Services.Departments.Common\App.Services.Departments.Common.csproj", "{F1E77E90-5BC8-4410-9CD4-F85589BDA29B}"
EndProject
Project("{9A19103F-16F7-4668-BE54-9A1E7A4F7556}") = "App.Services.Departments.Data", "App.Services.Departments\App.Services.Departments.Data\App.Services.Departments.Data.csproj", "{597FEBAE-DF8E-4167-BBFC-689FA111A31C}"
EndProject
Project("{9A19103F-16F7-4668-BE54-9A1E7A4F7556}") = "App.Services.Departments.Infrastructure", "App.Services.Departments\App.Services.Departments.Infrastructure\App.Services.Departments.Infrastructure.csproj", "{FBF4CD4E-7B6F-4202-BFC1-C115A6BFCCB4}"
EndProject
Project("{9A19103F-16F7-4668-BE54-9A1E7A4F7556}") = "App.Services.Departments.Infrastructure.Commands", "App.Services.Departments\App.Services.Departments.Infrastructure.Commands\App.Services.Departments.Infrastructure.Commands.csproj", "{82438247-9C88-43E4-87DC-4F479CE22078}"
EndProject
Project("{9A19103F-16F7-4668-BE54-9A1E7A4F7556}") = "App.Services.Departments.Infrastructure.Events", "App.Services.Departments\App.Services.Departments.Infrastructure.Events\App.Services.Departments.Infrastructure.Events.csproj", "{284AB8C2-A844-42AB-BDC9-1E1ABFCB2AD5}"
EndProject
Project("{9A19103F-16F7-4668-BE54-9A1E7A4F7556}") = "App.Services.Departments.Infrastructure.Grpc", "App.Services.Departments\App.Services.Departments.Infrastructure.Grpc\App.Services.Departments.Infrastructure.Grpc.csproj", "{7393AA53-848A-477B-9054-09D64F5A9C1A}"
EndProject
Project("{2150E333-8FDC-42A3-9474-1A3956D46DE8}") = "Authentication", "Authentication", "{FEA1CAF5-8922-452B-94F5-A4987B97269E}"
EndProject
Project("{9A19103F-16F7-4668-BE54-9A1E7A4F7556}") = "App.Services.Authentication", "App.Services.Authentication\App.Services.Authentication\App.Services.Authentication.csproj", "{F7C669FA-14A8-43FC-891E-39C96F7D8973}"
EndProject
Project("{9A19103F-16F7-4668-BE54-9A1E7A4F7556}") = "App.Services.Authentication.Common", "App.Services.Authentication\App.Services.Authentication.Common\App.Services.Authentication.Common.csproj", "{AB25A359-A4B5-439C-8C26-09CD8061E5A8}"
EndProject
Project("{9A19103F-16F7-4668-BE54-9A1E7A4F7556}") = "App.Services.Authentication.Data", "App.Services.Authentication\App.Services.Authentication.Data\App.Services.Authentication.Data.csproj", "{0998B454-9218-4C02-882E-57E3A01C968E}"
EndProject
Project("{9A19103F-16F7-4668-BE54-9A1E7A4F7556}") = "App.Services.Authentication.Infrastructure", "App.Services.Authentication\App.Services.Authentication.Infrastructure\App.Services.Authentication.Infrastructure.csproj", "{7891B515-102A-451F-BBBA-55C9EF7DD624}"
EndProject
Project("{9A19103F-16F7-4668-BE54-9A1E7A4F7556}") = "App.Services.Authentication.Infrastructure.Commands", "App.Services.Authentication\App.Services.Authentication.Infrastructure.Commands\App.Services.Authentication.Infrastructure.Commands.csproj", "{388CF6C9-024F-4E0D-B33A-C3E85C9F050F}"
EndProject
Project("{9A19103F-16F7-4668-BE54-9A1E7A4F7556}") = "App.Services.Authentication.Infrastructure.Events", "App.Services.Authentication\App.Services.Authentication.Infrastructure.Events\App.Services.Authentication.Infrastructure.Events.csproj", "{68A6C76F-6CD7-4CE9-B522-BA1740C0D58B}"
EndProject
Project("{9A19103F-16F7-4668-BE54-9A1E7A4F7556}") = "App.Services.Authentication.Infrastructure.Grpc", "App.Services.Authentication\App.Services.Authentication.Infrastructure.Grpc\App.Services.Authentication.Infrastructure.Grpc.csproj", "{0206F440-981A-4AF4-9437-65EAF466F86D}"
EndProject
Project("{2150E333-8FDC-42A3-9474-1A3956D46DE8}") = "Games", "Games", "{B40E1268-1842-4177-8ED1-6170BBA5382C}"
EndProject
Project("{9A19103F-16F7-4668-BE54-9A1E7A4F7556}") = "App.Services.Games", "App.Services.Games\App.Services.Games\App.Services.Games.csproj", "{8CCF6F8C-3B42-4C30-A2B2-93EC27004668}"
EndProject
Project("{9A19103F-16F7-4668-BE54-9A1E7A4F7556}") = "App.Services.Games.Common", "App.Services.Games\App.Services.Games.Common\App.Services.Games.Common.csproj", "{8BB8249A-1835-48F1-9594-4EB29B43989B}"
EndProject
Project("{9A19103F-16F7-4668-BE54-9A1E7A4F7556}") = "App.Services.Games.Data", "App.Services.Games\App.Services.Games.Data\App.Services.Games.Data.csproj", "{BA6A46AC-EDE0-4CE6-AC5C-76F5F36F299B}"
EndProject
Project("{9A19103F-16F7-4668-BE54-9A1E7A4F7556}") = "App.Services.Games.Infrastructure", "App.Services.Games\App.Services.Games.Infrastructure\App.Services.Games.Infrastructure.csproj", "{87E5DA17-FA73-4918-905E-1B81609315F3}"
EndProject
Project("{9A19103F-16F7-4668-BE54-9A1E7A4F7556}") = "App.Services.Games.Infrastructure.Commands", "App.Services.Games\App.Services.Games.Infrastructure.Commands\App.Services.Games.Infrastructure.Commands.csproj", "{5032844B-5C40-4D80-AC85-D2CED17F7A38}"
EndProject
Project("{9A19103F-16F7-4668-BE54-9A1E7A4F7556}") = "App.Services.Games.Infrastructure.Events", "App.Services.Games\App.Services.Games.Infrastructure.Events\App.Services.Games.Infrastructure.Events.csproj", "{70E6F298-BFB4-47A2-8093-DF67E74B7EBA}"
EndProject
Project("{9A19103F-16F7-4668-BE54-9A1E7A4F7556}") = "App.Services.Games.Infrastructure.Grpc", "App.Services.Games\App.Services.Games.Infrastructure.Grpc\App.Services.Games.Infrastructure.Grpc.csproj", "{18462019-650E-4183-B336-9BE3465003CC}"
EndProject
Project("{2150E333-8FDC-42A3-9474-1A3956D46DE8}") = "Events", "Events", "{92818914-9608-4585-8982-AB7F73C2B8B1}"
EndProject
Project("{9A19103F-16F7-4668-BE54-9A1E7A4F7556}") = "App.Services.Events", "App.Services.Events\App.Services.Events\App.Services.Events.csproj", "{6CBCF411-6C25-4D5D-BC25-95D39E492FCC}"
EndProject
Project("{9A19103F-16F7-4668-BE54-9A1E7A4F7556}") = "App.Services.Events.Common", "App.Services.Events\App.Services.Events.Common\App.Services.Events.Common.csproj", "{7DBD35B3-69CD-40FC-A51B-E405FFDAB232}"
EndProject
Project("{9A19103F-16F7-4668-BE54-9A1E7A4F7556}") = "App.Services.Events.Data", "App.Services.Events\App.Services.Events.Data\App.Services.Events.Data.csproj", "{D6E62450-A733-4E38-8282-CB9C774C6F22}"
EndProject
Project("{9A19103F-16F7-4668-BE54-9A1E7A4F7556}") = "App.Services.Events.Infrastructure", "App.Services.Events\App.Services.Events.Infrastructure\App.Services.Events.Infrastructure.csproj", "{33B043D4-04F9-47A2-ADFF-8646D56FC58A}"
EndProject
Project("{9A19103F-16F7-4668-BE54-9A1E7A4F7556}") = "App.Services.Events.Infrastructure.Commands", "App.Services.Events\App.Services.Events.Infrastructure.Commands\App.Services.Events.Infrastructure.Commands.csproj", "{EEF81206-0A24-44E8-9840-A78CEA9E4D1A}"
EndProject
Project("{9A19103F-16F7-4668-BE54-9A1E7A4F7556}") = "App.Services.Events.Infrastructure.Events", "App.Services.Events\App.Services.Events.Infrastructure.Events\App.Services.Events.Infrastructure.Events.csproj", "{2A7A66B2-A60C-46AD-8C0E-DFBFA2907293}"
EndProject
Project("{9A19103F-16F7-4668-BE54-9A1E7A4F7556}") = "App.Services.Events.Infrastructure.Grpc", "App.Services.Events\App.Services.Events.Infrastructure.Grpc\App.Services.Events.Infrastructure.Grpc.csproj", "{25E0D192-2294-48B6-B792-A00A3C4B09EB}"
EndProject
Project("{2150E333-8FDC-42A3-9474-1A3956D46DE8}") = "Billing", "Billing", "{64B925F8-05D6-42F6-B9ED-13E2B625A5E1}"
EndProject
Project("{2150E333-8FDC-42A3-9474-1A3956D46DE8}") = "Orders", "Orders", "{AE9268FE-52CB-44A2-8EF4-1DFDFE8D13A7}"
EndProject
Project("{2150E333-8FDC-42A3-9474-1A3956D46DE8}") = "Tickets", "Tickets", "{C1002148-A281-40F5-943F-E4D5E726C1E6}"
EndProject
Project("{9A19103F-16F7-4668-BE54-9A1E7A4F7556}") = "App.Services.Billing", "App.Services.Billing\App.Services.Billing\App.Services.Billing.csproj", "{63B0FA90-A377-4021-ADB6-1E5000C30FAF}"
EndProject
Project("{9A19103F-16F7-4668-BE54-9A1E7A4F7556}") = "App.Services.Billing.Common", "App.Services.Billing\App.Services.Billing.Common\App.Services.Billing.Common.csproj", "{AE453D1E-CA71-4D30-8DAD-CC20C5D71EED}"
EndProject
Project("{9A19103F-16F7-4668-BE54-9A1E7A4F7556}") = "App.Services.Billing.Data", "App.Services.Billing\App.Services.Billing.Data\App.Services.Billing.Data.csproj", "{62755467-9E02-4FB3-8217-CAF216A51928}"
EndProject
Project("{9A19103F-16F7-4668-BE54-9A1E7A4F7556}") = "App.Services.Billing.Infrastructure", "App.Services.Billing\App.Services.Billing.Infrastructure\App.Services.Billing.Infrastructure.csproj", "{175A1517-ABC6-4FE4-88D2-BA2F7D31DA4D}"
EndProject
Project("{9A19103F-16F7-4668-BE54-9A1E7A4F7556}") = "App.Services.Billing.Infrastructure.Commands", "App.Services.Billing\App.Services.Billing.Infrastructure.Commands\App.Services.Billing.Infrastructure.Commands.csproj", "{46F3A932-A767-474E-9BF3-E067D3AD5AEB}"
EndProject
Project("{9A19103F-16F7-4668-BE54-9A1E7A4F7556}") = "App.Services.Billing.Infrastructure.Events", "App.Services.Billing\App.Services.Billing.Infrastructure.Events\App.Services.Billing.Infrastructure.Events.csproj", "{942CC132-3B64-457F-99A0-29DECE061262}"
EndProject
Project("{9A19103F-16F7-4668-BE54-9A1E7A4F7556}") = "App.Services.Billing.Infrastructure.Grpc", "App.Services.Billing\App.Services.Billing.Infrastructure.Grpc\App.Services.Billing.Infrastructure.Grpc.csproj", "{74504965-4EB4-4A07-B12C-8CCF51F87899}"
EndProject
Project("{9A19103F-16F7-4668-BE54-9A1E7A4F7556}") = "App.Services.Orders", "App.Services.Orders\App.Services.Orders\App.Services.Orders.csproj", "{87EC1A3D-1F1C-44A4-A1AB-67A8958F265B}"
EndProject
Project("{9A19103F-16F7-4668-BE54-9A1E7A4F7556}") = "App.Services.Orders.Common", "App.Services.Orders\App.Services.Orders.Common\App.Services.Orders.Common.csproj", "{3D1521BC-E45E-4F88-B64E-DCA186BD4472}"
EndProject
Project("{9A19103F-16F7-4668-BE54-9A1E7A4F7556}") = "App.Services.Orders.Data", "App.Services.Orders\App.Services.Orders.Data\App.Services.Orders.Data.csproj", "{4B882B00-A4C7-46EB-91B7-0AC0D1C69984}"
EndProject
Project("{9A19103F-16F7-4668-BE54-9A1E7A4F7556}") = "App.Services.Orders.Infrastructure", "App.Services.Orders\App.Services.Orders.Infrastructure\App.Services.Orders.Infrastructure.csproj", "{4A0480AE-C233-41D6-A84B-6A00106C5AF6}"
EndProject
Project("{9A19103F-16F7-4668-BE54-9A1E7A4F7556}") = "App.Services.Orders.Infrastructure.Commands", "App.Services.Orders\App.Services.Orders.Infrastructure.Commands\App.Services.Orders.Infrastructure.Commands.csproj", "{AD613D2C-DF33-46C5-9101-CC173C9711B8}"
EndProject
Project("{9A19103F-16F7-4668-BE54-9A1E7A4F7556}") = "App.Services.Orders.Infrastructure.Events", "App.Services.Orders\App.Services.Orders.Infrastructure.Events\App.Services.Orders.Infrastructure.Events.csproj", "{9853895F-D6EE-401E-9A9B-883EC566D557}"
EndProject
Project("{9A19103F-16F7-4668-BE54-9A1E7A4F7556}") = "App.Services.Orders.Infrastructure.Grpc", "App.Services.Orders\App.Services.Orders.Infrastructure.Grpc\App.Services.Orders.Infrastructure.Grpc.csproj", "{87FBA049-9760-4E54-B881-C612D5D07F85}"
EndProject
Project("{9A19103F-16F7-4668-BE54-9A1E7A4F7556}") = "App.Services.Tickets", "App.Services.Tickets\App.Services.Tickets\App.Services.Tickets.csproj", "{4653FE41-45B1-4A52-A999-457E4BA68F2E}"
EndProject
Project("{9A19103F-16F7-4668-BE54-9A1E7A4F7556}") = "App.Services.Tickets.Common", "App.Services.Tickets\App.Services.Tickets.Common\App.Services.Tickets.Common.csproj", "{F07E4AD5-200D-41FF-B265-02DF42493182}"
EndProject
Project("{9A19103F-16F7-4668-BE54-9A1E7A4F7556}") = "App.Services.Tickets.Data", "App.Services.Tickets\App.Services.Tickets.Data\App.Services.Tickets.Data.csproj", "{4F764F09-B670-4F3F-8D69-83A2785A60FC}"
EndProject
Project("{9A19103F-16F7-4668-BE54-9A1E7A4F7556}") = "App.Services.Tickets.Infrastructure", "App.Services.Tickets\App.Services.Tickets.Infrastructure\App.Services.Tickets.Infrastructure.csproj", "{D7011D0A-A11D-40B8-8BE4-7C4E49C4DC7D}"
EndProject
Project("{9A19103F-16F7-4668-BE54-9A1E7A4F7556}") = "App.Services.Tickets.Infrastructure.Commands", "App.Services.Tickets\App.Services.Tickets.Infrastructure.Commands\App.Services.Tickets.Infrastructure.Commands.csproj", "{E9A9466F-07A6-4328-AAC6-2B9161EA6634}"
EndProject
Project("{9A19103F-16F7-4668-BE54-9A1E7A4F7556}") = "App.Services.Tickets.Infrastructure.Events", "App.Services.Tickets\App.Services.Tickets.Infrastructure.Events\App.Services.Tickets.Infrastructure.Events.csproj", "{AB01FEF2-4BAC-4C3F-ACD0-2C79E8884E1F}"
EndProject
Project("{9A19103F-16F7-4668-BE54-9A1E7A4F7556}") = "App.Services.Tickets.Infrastructure.Grpc", "App.Services.Tickets\App.Services.Tickets.Infrastructure.Grpc\App.Services.Tickets.Infrastructure.Grpc.csproj", "{BB576040-FF1D-46D0-8C9C-E98C6A689EF9}"
EndProject
Project("{2150E333-8FDC-42A3-9474-1A3956D46DE8}") = "Turnaments", "Turnaments", "{0D1BA9B6-5A2C-41ED-8DDD-E93B0D93FC34}"
EndProject
Project("{9A19103F-16F7-4668-BE54-9A1E7A4F7556}") = "App.Services.Turnaments", "App.Services.Turnaments\App.Services.Turnaments\App.Services.Turnaments.csproj", "{5B28BEC8-B6D9-4863-AB87-C7074CBE9F26}"
EndProject
Project("{9A19103F-16F7-4668-BE54-9A1E7A4F7556}") = "App.Services.Turnaments.Common", "App.Services.Turnaments\App.Services.Turnaments.Common\App.Services.Turnaments.Common.csproj", "{75332CA0-149B-4343-8960-3CFD1CFAF3EF}"
EndProject
Project("{9A19103F-16F7-4668-BE54-9A1E7A4F7556}") = "App.Services.Turnaments.Data", "App.Services.Turnaments\App.Services.Turnaments.Data\App.Services.Turnaments.Data.csproj", "{E6DC0959-5468-4FC0-B5D8-DFA2B93AB52B}"
EndProject
Project("{9A19103F-16F7-4668-BE54-9A1E7A4F7556}") = "App.Services.Turnaments.Infrastructure", "App.Services.Turnaments\App.Services.Turnaments.Infrastructure\App.Services.Turnaments.Infrastructure.csproj", "{424304CE-3DFD-4B2B-AC06-C548F5B7242B}"
EndProject
Project("{9A19103F-16F7-4668-BE54-9A1E7A4F7556}") = "App.Services.Turnaments.Infrastructure.Commands", "App.Services.Turnaments\App.Services.Turnaments.Infrastructure.Commands\App.Services.Turnaments.Infrastructure.Commands.csproj", "{5CC49936-6732-4DB3-B2AF-B4AD52087E55}"
EndProject
Project("{9A19103F-16F7-4668-BE54-9A1E7A4F7556}") = "App.Services.Turnaments.Infrastructure.Events", "App.Services.Turnaments\App.Services.Turnaments.Infrastructure.Events\App.Services.Turnaments.Infrastructure.Events.csproj", "{C72FA008-FA4E-4FEE-AED9-423B03438136}"
EndProject
Project("{9A19103F-16F7-4668-BE54-9A1E7A4F7556}") = "App.Services.Turnaments.Infrastructure.Grpc", "App.Services.Turnaments\App.Services.Turnaments.Infrastructure.Grpc\App.Services.Turnaments.Infrastructure.Grpc.csproj", "{D02AF262-8B59-4C60-A81A-423931EAFD0F}"
EndProject
Project("{2150E333-8FDC-42A3-9474-1A3956D46DE8}") = "Web", "Web", "{373AD218-9E4D-4AE6-83DF-4DC7250FFAC7}"
EndProject
Project("{9A19103F-16F7-4668-BE54-9A1E7A4F7556}") = "App.Web", "App.Web\App.Web.csproj", "{10C1634E-2DB2-4168-B689-E1AF5AF28827}"
EndProject
Project("{9A19103F-16F7-4668-BE54-9A1E7A4F7556}") = "App.Services.Gateway", "App.Services.Gateway\App.Services.Gateway\App.Services.Gateway.csproj", "{0BEF557F-B6C9-47E4-B71A-68D02EE8733E}"
EndProject
Project("{9A19103F-16F7-4668-BE54-9A1E7A4F7556}") = "App.Common", "App.Common\App.Common.csproj", "{2D27E5AE-DB65-4BF6-A9BB-973FBAA9421A}"
EndProject
Project("{9A19103F-16F7-4668-BE54-9A1E7A4F7556}") = "App.Services.Gateway.Common", "App.Services.Gateway\App.Services.Gateway.Common\App.Services.Gateway.Common.csproj", "{BFD6BB8E-A594-4114-A89C-D756FB04997C}"
EndProject
Global
	GlobalSection(SolutionConfigurationPlatforms) = preSolution
		Debug|Any CPU = Debug|Any CPU
		Release|Any CPU = Release|Any CPU
	EndGlobalSection
	GlobalSection(ProjectConfigurationPlatforms) = postSolution
		{364B26B6-57F7-458A-8049-C7F8E5B2025A}.Debug|Any CPU.ActiveCfg = Debug|Any CPU
		{364B26B6-57F7-458A-8049-C7F8E5B2025A}.Debug|Any CPU.Build.0 = Debug|Any CPU
		{364B26B6-57F7-458A-8049-C7F8E5B2025A}.Release|Any CPU.ActiveCfg = Release|Any CPU
		{364B26B6-57F7-458A-8049-C7F8E5B2025A}.Release|Any CPU.Build.0 = Release|Any CPU
		{3216A808-A5F9-46ED-891F-CC45B746ECC1}.Debug|Any CPU.ActiveCfg = Debug|Any CPU
		{3216A808-A5F9-46ED-891F-CC45B746ECC1}.Debug|Any CPU.Build.0 = Debug|Any CPU
		{3216A808-A5F9-46ED-891F-CC45B746ECC1}.Release|Any CPU.ActiveCfg = Release|Any CPU
		{3216A808-A5F9-46ED-891F-CC45B746ECC1}.Release|Any CPU.Build.0 = Release|Any CPU
		{1A55FE4A-7856-424C-BF35-F562B8DA1CAF}.Debug|Any CPU.ActiveCfg = Debug|Any CPU
		{1A55FE4A-7856-424C-BF35-F562B8DA1CAF}.Debug|Any CPU.Build.0 = Debug|Any CPU
		{1A55FE4A-7856-424C-BF35-F562B8DA1CAF}.Release|Any CPU.ActiveCfg = Release|Any CPU
		{1A55FE4A-7856-424C-BF35-F562B8DA1CAF}.Release|Any CPU.Build.0 = Release|Any CPU
		{A7F4E6DA-AA1E-45DF-8099-2ADA6CEE332D}.Debug|Any CPU.ActiveCfg = Debug|Any CPU
		{A7F4E6DA-AA1E-45DF-8099-2ADA6CEE332D}.Debug|Any CPU.Build.0 = Debug|Any CPU
		{A7F4E6DA-AA1E-45DF-8099-2ADA6CEE332D}.Release|Any CPU.ActiveCfg = Release|Any CPU
		{A7F4E6DA-AA1E-45DF-8099-2ADA6CEE332D}.Release|Any CPU.Build.0 = Release|Any CPU
		{14AE1F67-036F-4C15-AAAA-AD8C7926204D}.Debug|Any CPU.ActiveCfg = Debug|Any CPU
		{14AE1F67-036F-4C15-AAAA-AD8C7926204D}.Debug|Any CPU.Build.0 = Debug|Any CPU
		{14AE1F67-036F-4C15-AAAA-AD8C7926204D}.Release|Any CPU.ActiveCfg = Release|Any CPU
		{14AE1F67-036F-4C15-AAAA-AD8C7926204D}.Release|Any CPU.Build.0 = Release|Any CPU
		{31DD4734-58C9-4692-A250-31C2E5589C54}.Debug|Any CPU.ActiveCfg = Debug|Any CPU
		{31DD4734-58C9-4692-A250-31C2E5589C54}.Debug|Any CPU.Build.0 = Debug|Any CPU
		{31DD4734-58C9-4692-A250-31C2E5589C54}.Release|Any CPU.ActiveCfg = Release|Any CPU
		{31DD4734-58C9-4692-A250-31C2E5589C54}.Release|Any CPU.Build.0 = Release|Any CPU
		{B0698A9B-020E-45F7-A57C-6751507E1D38}.Debug|Any CPU.ActiveCfg = Debug|Any CPU
		{B0698A9B-020E-45F7-A57C-6751507E1D38}.Debug|Any CPU.Build.0 = Debug|Any CPU
		{B0698A9B-020E-45F7-A57C-6751507E1D38}.Release|Any CPU.ActiveCfg = Release|Any CPU
		{B0698A9B-020E-45F7-A57C-6751507E1D38}.Release|Any CPU.Build.0 = Release|Any CPU
		{65BDCD30-6BEE-4B7B-AC9D-7874E3B5404B}.Debug|Any CPU.ActiveCfg = Debug|Any CPU
		{65BDCD30-6BEE-4B7B-AC9D-7874E3B5404B}.Debug|Any CPU.Build.0 = Debug|Any CPU
		{65BDCD30-6BEE-4B7B-AC9D-7874E3B5404B}.Release|Any CPU.ActiveCfg = Release|Any CPU
		{65BDCD30-6BEE-4B7B-AC9D-7874E3B5404B}.Release|Any CPU.Build.0 = Release|Any CPU
		{248A8233-F644-4BFB-AF2B-D1DB82CE780D}.Debug|Any CPU.ActiveCfg = Debug|Any CPU
		{248A8233-F644-4BFB-AF2B-D1DB82CE780D}.Debug|Any CPU.Build.0 = Debug|Any CPU
		{248A8233-F644-4BFB-AF2B-D1DB82CE780D}.Release|Any CPU.ActiveCfg = Release|Any CPU
		{248A8233-F644-4BFB-AF2B-D1DB82CE780D}.Release|Any CPU.Build.0 = Release|Any CPU
		{B8CBC760-C58C-4179-AADD-30A2024F2699}.Debug|Any CPU.ActiveCfg = Debug|Any CPU
		{B8CBC760-C58C-4179-AADD-30A2024F2699}.Debug|Any CPU.Build.0 = Debug|Any CPU
		{B8CBC760-C58C-4179-AADD-30A2024F2699}.Release|Any CPU.ActiveCfg = Release|Any CPU
		{B8CBC760-C58C-4179-AADD-30A2024F2699}.Release|Any CPU.Build.0 = Release|Any CPU
		{411B27CB-DD64-4E3A-9C13-D3C19744D791}.Debug|Any CPU.ActiveCfg = Debug|Any CPU
		{411B27CB-DD64-4E3A-9C13-D3C19744D791}.Debug|Any CPU.Build.0 = Debug|Any CPU
		{411B27CB-DD64-4E3A-9C13-D3C19744D791}.Release|Any CPU.ActiveCfg = Release|Any CPU
		{411B27CB-DD64-4E3A-9C13-D3C19744D791}.Release|Any CPU.Build.0 = Release|Any CPU
		{CEFC06A1-6276-4722-B7BA-F78024700B5C}.Debug|Any CPU.ActiveCfg = Debug|Any CPU
		{CEFC06A1-6276-4722-B7BA-F78024700B5C}.Debug|Any CPU.Build.0 = Debug|Any CPU
		{CEFC06A1-6276-4722-B7BA-F78024700B5C}.Release|Any CPU.ActiveCfg = Release|Any CPU
		{CEFC06A1-6276-4722-B7BA-F78024700B5C}.Release|Any CPU.Build.0 = Release|Any CPU
		{015CBAF8-3214-4909-9AD2-C572C026D18A}.Debug|Any CPU.ActiveCfg = Debug|Any CPU
		{015CBAF8-3214-4909-9AD2-C572C026D18A}.Debug|Any CPU.Build.0 = Debug|Any CPU
		{015CBAF8-3214-4909-9AD2-C572C026D18A}.Release|Any CPU.ActiveCfg = Release|Any CPU
		{015CBAF8-3214-4909-9AD2-C572C026D18A}.Release|Any CPU.Build.0 = Release|Any CPU
		{2EE6924C-D65A-40C6-869A-4F1DDA3EF465}.Debug|Any CPU.ActiveCfg = Debug|Any CPU
		{2EE6924C-D65A-40C6-869A-4F1DDA3EF465}.Debug|Any CPU.Build.0 = Debug|Any CPU
		{2EE6924C-D65A-40C6-869A-4F1DDA3EF465}.Release|Any CPU.ActiveCfg = Release|Any CPU
		{2EE6924C-D65A-40C6-869A-4F1DDA3EF465}.Release|Any CPU.Build.0 = Release|Any CPU
		{4660388D-1C48-4609-A835-5960CCDB6653}.Debug|Any CPU.ActiveCfg = Debug|Any CPU
		{4660388D-1C48-4609-A835-5960CCDB6653}.Debug|Any CPU.Build.0 = Debug|Any CPU
		{4660388D-1C48-4609-A835-5960CCDB6653}.Release|Any CPU.ActiveCfg = Release|Any CPU
		{4660388D-1C48-4609-A835-5960CCDB6653}.Release|Any CPU.Build.0 = Release|Any CPU
		{2C140880-5160-4C34-AC82-0B1B31331401}.Debug|Any CPU.ActiveCfg = Debug|Any CPU
		{2C140880-5160-4C34-AC82-0B1B31331401}.Debug|Any CPU.Build.0 = Debug|Any CPU
		{2C140880-5160-4C34-AC82-0B1B31331401}.Release|Any CPU.ActiveCfg = Release|Any CPU
		{2C140880-5160-4C34-AC82-0B1B31331401}.Release|Any CPU.Build.0 = Release|Any CPU
		{824BE52A-B01B-4BE3-B3E8-A7FF6158A5E6}.Debug|Any CPU.ActiveCfg = Debug|Any CPU
		{824BE52A-B01B-4BE3-B3E8-A7FF6158A5E6}.Debug|Any CPU.Build.0 = Debug|Any CPU
		{824BE52A-B01B-4BE3-B3E8-A7FF6158A5E6}.Release|Any CPU.ActiveCfg = Release|Any CPU
		{824BE52A-B01B-4BE3-B3E8-A7FF6158A5E6}.Release|Any CPU.Build.0 = Release|Any CPU
		{905A7309-DF75-4FAA-84A0-F16E57B30660}.Debug|Any CPU.ActiveCfg = Debug|Any CPU
		{905A7309-DF75-4FAA-84A0-F16E57B30660}.Debug|Any CPU.Build.0 = Debug|Any CPU
		{905A7309-DF75-4FAA-84A0-F16E57B30660}.Release|Any CPU.ActiveCfg = Release|Any CPU
		{905A7309-DF75-4FAA-84A0-F16E57B30660}.Release|Any CPU.Build.0 = Release|Any CPU
		{21559305-9413-470C-81E8-751A83CE73FB}.Debug|Any CPU.ActiveCfg = Debug|Any CPU
		{21559305-9413-470C-81E8-751A83CE73FB}.Debug|Any CPU.Build.0 = Debug|Any CPU
		{21559305-9413-470C-81E8-751A83CE73FB}.Release|Any CPU.ActiveCfg = Release|Any CPU
		{21559305-9413-470C-81E8-751A83CE73FB}.Release|Any CPU.Build.0 = Release|Any CPU
		{7C888E79-3189-40D0-8365-23F22A18DFAB}.Debug|Any CPU.ActiveCfg = Debug|Any CPU
		{7C888E79-3189-40D0-8365-23F22A18DFAB}.Debug|Any CPU.Build.0 = Debug|Any CPU
		{7C888E79-3189-40D0-8365-23F22A18DFAB}.Release|Any CPU.ActiveCfg = Release|Any CPU
		{7C888E79-3189-40D0-8365-23F22A18DFAB}.Release|Any CPU.Build.0 = Release|Any CPU
		{0CD67CC2-1015-40EE-9947-5DA63B64338E}.Debug|Any CPU.ActiveCfg = Debug|Any CPU
		{0CD67CC2-1015-40EE-9947-5DA63B64338E}.Debug|Any CPU.Build.0 = Debug|Any CPU
		{0CD67CC2-1015-40EE-9947-5DA63B64338E}.Release|Any CPU.ActiveCfg = Release|Any CPU
		{0CD67CC2-1015-40EE-9947-5DA63B64338E}.Release|Any CPU.Build.0 = Release|Any CPU
		{8A8AF709-D36D-46C0-B2FA-8A9E15CB10C3}.Debug|Any CPU.ActiveCfg = Debug|Any CPU
		{8A8AF709-D36D-46C0-B2FA-8A9E15CB10C3}.Debug|Any CPU.Build.0 = Debug|Any CPU
		{8A8AF709-D36D-46C0-B2FA-8A9E15CB10C3}.Release|Any CPU.ActiveCfg = Release|Any CPU
		{8A8AF709-D36D-46C0-B2FA-8A9E15CB10C3}.Release|Any CPU.Build.0 = Release|Any CPU
		{E5F86246-8E9B-4E8B-B053-1CAB5F6BCF6D}.Debug|Any CPU.ActiveCfg = Debug|Any CPU
		{E5F86246-8E9B-4E8B-B053-1CAB5F6BCF6D}.Debug|Any CPU.Build.0 = Debug|Any CPU
		{E5F86246-8E9B-4E8B-B053-1CAB5F6BCF6D}.Release|Any CPU.ActiveCfg = Release|Any CPU
		{E5F86246-8E9B-4E8B-B053-1CAB5F6BCF6D}.Release|Any CPU.Build.0 = Release|Any CPU
		{F1657FF8-22B8-4AF7-BA7F-A2199E572FB1}.Debug|Any CPU.ActiveCfg = Debug|Any CPU
		{F1657FF8-22B8-4AF7-BA7F-A2199E572FB1}.Debug|Any CPU.Build.0 = Debug|Any CPU
		{F1657FF8-22B8-4AF7-BA7F-A2199E572FB1}.Release|Any CPU.ActiveCfg = Release|Any CPU
		{F1657FF8-22B8-4AF7-BA7F-A2199E572FB1}.Release|Any CPU.Build.0 = Release|Any CPU
		{666154F3-34D7-42A0-A749-84FCD614BB50}.Debug|Any CPU.ActiveCfg = Debug|Any CPU
		{666154F3-34D7-42A0-A749-84FCD614BB50}.Debug|Any CPU.Build.0 = Debug|Any CPU
		{666154F3-34D7-42A0-A749-84FCD614BB50}.Release|Any CPU.ActiveCfg = Release|Any CPU
		{666154F3-34D7-42A0-A749-84FCD614BB50}.Release|Any CPU.Build.0 = Release|Any CPU
		{2CE5146D-B187-4A71-8356-978C84EEA995}.Debug|Any CPU.ActiveCfg = Debug|Any CPU
		{2CE5146D-B187-4A71-8356-978C84EEA995}.Debug|Any CPU.Build.0 = Debug|Any CPU
		{2CE5146D-B187-4A71-8356-978C84EEA995}.Release|Any CPU.ActiveCfg = Release|Any CPU
		{2CE5146D-B187-4A71-8356-978C84EEA995}.Release|Any CPU.Build.0 = Release|Any CPU
		{E46226CA-15C8-433D-A461-F9141B6316A8}.Debug|Any CPU.ActiveCfg = Debug|Any CPU
		{E46226CA-15C8-433D-A461-F9141B6316A8}.Debug|Any CPU.Build.0 = Debug|Any CPU
		{E46226CA-15C8-433D-A461-F9141B6316A8}.Release|Any CPU.ActiveCfg = Release|Any CPU
		{E46226CA-15C8-433D-A461-F9141B6316A8}.Release|Any CPU.Build.0 = Release|Any CPU
		{E7968112-3244-4F92-B10F-2CF22EDDD208}.Debug|Any CPU.ActiveCfg = Debug|Any CPU
		{E7968112-3244-4F92-B10F-2CF22EDDD208}.Debug|Any CPU.Build.0 = Debug|Any CPU
		{E7968112-3244-4F92-B10F-2CF22EDDD208}.Release|Any CPU.ActiveCfg = Release|Any CPU
		{E7968112-3244-4F92-B10F-2CF22EDDD208}.Release|Any CPU.Build.0 = Release|Any CPU
		{ADCEAEC7-6098-491F-B7EC-CC1334270DBE}.Debug|Any CPU.ActiveCfg = Debug|Any CPU
		{ADCEAEC7-6098-491F-B7EC-CC1334270DBE}.Debug|Any CPU.Build.0 = Debug|Any CPU
		{ADCEAEC7-6098-491F-B7EC-CC1334270DBE}.Release|Any CPU.ActiveCfg = Release|Any CPU
		{ADCEAEC7-6098-491F-B7EC-CC1334270DBE}.Release|Any CPU.Build.0 = Release|Any CPU
		{B3529C75-9A5B-4BA5-A0A5-8C9D7DE200F3}.Debug|Any CPU.ActiveCfg = Debug|Any CPU
		{B3529C75-9A5B-4BA5-A0A5-8C9D7DE200F3}.Debug|Any CPU.Build.0 = Debug|Any CPU
		{B3529C75-9A5B-4BA5-A0A5-8C9D7DE200F3}.Release|Any CPU.ActiveCfg = Release|Any CPU
		{B3529C75-9A5B-4BA5-A0A5-8C9D7DE200F3}.Release|Any CPU.Build.0 = Release|Any CPU
		{3F3ED231-6FAD-4980-A780-467ECA764938}.Debug|Any CPU.ActiveCfg = Debug|Any CPU
		{3F3ED231-6FAD-4980-A780-467ECA764938}.Debug|Any CPU.Build.0 = Debug|Any CPU
		{3F3ED231-6FAD-4980-A780-467ECA764938}.Release|Any CPU.ActiveCfg = Release|Any CPU
		{3F3ED231-6FAD-4980-A780-467ECA764938}.Release|Any CPU.Build.0 = Release|Any CPU
		{6978F74B-2941-467F-B593-C42B3960469A}.Debug|Any CPU.ActiveCfg = Debug|Any CPU
		{6978F74B-2941-467F-B593-C42B3960469A}.Debug|Any CPU.Build.0 = Debug|Any CPU
		{6978F74B-2941-467F-B593-C42B3960469A}.Release|Any CPU.ActiveCfg = Release|Any CPU
		{6978F74B-2941-467F-B593-C42B3960469A}.Release|Any CPU.Build.0 = Release|Any CPU
		{D7B2D9AB-42E2-422E-8533-7BF821772D70}.Debug|Any CPU.ActiveCfg = Debug|Any CPU
		{D7B2D9AB-42E2-422E-8533-7BF821772D70}.Debug|Any CPU.Build.0 = Debug|Any CPU
		{D7B2D9AB-42E2-422E-8533-7BF821772D70}.Release|Any CPU.ActiveCfg = Release|Any CPU
		{D7B2D9AB-42E2-422E-8533-7BF821772D70}.Release|Any CPU.Build.0 = Release|Any CPU
		{F1E77E90-5BC8-4410-9CD4-F85589BDA29B}.Debug|Any CPU.ActiveCfg = Debug|Any CPU
		{F1E77E90-5BC8-4410-9CD4-F85589BDA29B}.Debug|Any CPU.Build.0 = Debug|Any CPU
		{F1E77E90-5BC8-4410-9CD4-F85589BDA29B}.Release|Any CPU.ActiveCfg = Release|Any CPU
		{F1E77E90-5BC8-4410-9CD4-F85589BDA29B}.Release|Any CPU.Build.0 = Release|Any CPU
		{597FEBAE-DF8E-4167-BBFC-689FA111A31C}.Debug|Any CPU.ActiveCfg = Debug|Any CPU
		{597FEBAE-DF8E-4167-BBFC-689FA111A31C}.Debug|Any CPU.Build.0 = Debug|Any CPU
		{597FEBAE-DF8E-4167-BBFC-689FA111A31C}.Release|Any CPU.ActiveCfg = Release|Any CPU
		{597FEBAE-DF8E-4167-BBFC-689FA111A31C}.Release|Any CPU.Build.0 = Release|Any CPU
		{FBF4CD4E-7B6F-4202-BFC1-C115A6BFCCB4}.Debug|Any CPU.ActiveCfg = Debug|Any CPU
		{FBF4CD4E-7B6F-4202-BFC1-C115A6BFCCB4}.Debug|Any CPU.Build.0 = Debug|Any CPU
		{FBF4CD4E-7B6F-4202-BFC1-C115A6BFCCB4}.Release|Any CPU.ActiveCfg = Release|Any CPU
		{FBF4CD4E-7B6F-4202-BFC1-C115A6BFCCB4}.Release|Any CPU.Build.0 = Release|Any CPU
		{82438247-9C88-43E4-87DC-4F479CE22078}.Debug|Any CPU.ActiveCfg = Debug|Any CPU
		{82438247-9C88-43E4-87DC-4F479CE22078}.Debug|Any CPU.Build.0 = Debug|Any CPU
		{82438247-9C88-43E4-87DC-4F479CE22078}.Release|Any CPU.ActiveCfg = Release|Any CPU
		{82438247-9C88-43E4-87DC-4F479CE22078}.Release|Any CPU.Build.0 = Release|Any CPU
		{284AB8C2-A844-42AB-BDC9-1E1ABFCB2AD5}.Debug|Any CPU.ActiveCfg = Debug|Any CPU
		{284AB8C2-A844-42AB-BDC9-1E1ABFCB2AD5}.Debug|Any CPU.Build.0 = Debug|Any CPU
		{284AB8C2-A844-42AB-BDC9-1E1ABFCB2AD5}.Release|Any CPU.ActiveCfg = Release|Any CPU
		{284AB8C2-A844-42AB-BDC9-1E1ABFCB2AD5}.Release|Any CPU.Build.0 = Release|Any CPU
		{7393AA53-848A-477B-9054-09D64F5A9C1A}.Debug|Any CPU.ActiveCfg = Debug|Any CPU
		{7393AA53-848A-477B-9054-09D64F5A9C1A}.Debug|Any CPU.Build.0 = Debug|Any CPU
		{7393AA53-848A-477B-9054-09D64F5A9C1A}.Release|Any CPU.ActiveCfg = Release|Any CPU
		{7393AA53-848A-477B-9054-09D64F5A9C1A}.Release|Any CPU.Build.0 = Release|Any CPU
		{F7C669FA-14A8-43FC-891E-39C96F7D8973}.Debug|Any CPU.ActiveCfg = Debug|Any CPU
		{F7C669FA-14A8-43FC-891E-39C96F7D8973}.Debug|Any CPU.Build.0 = Debug|Any CPU
		{F7C669FA-14A8-43FC-891E-39C96F7D8973}.Release|Any CPU.ActiveCfg = Release|Any CPU
		{F7C669FA-14A8-43FC-891E-39C96F7D8973}.Release|Any CPU.Build.0 = Release|Any CPU
		{AB25A359-A4B5-439C-8C26-09CD8061E5A8}.Debug|Any CPU.ActiveCfg = Debug|Any CPU
		{AB25A359-A4B5-439C-8C26-09CD8061E5A8}.Debug|Any CPU.Build.0 = Debug|Any CPU
		{AB25A359-A4B5-439C-8C26-09CD8061E5A8}.Release|Any CPU.ActiveCfg = Release|Any CPU
		{AB25A359-A4B5-439C-8C26-09CD8061E5A8}.Release|Any CPU.Build.0 = Release|Any CPU
		{0998B454-9218-4C02-882E-57E3A01C968E}.Debug|Any CPU.ActiveCfg = Debug|Any CPU
		{0998B454-9218-4C02-882E-57E3A01C968E}.Debug|Any CPU.Build.0 = Debug|Any CPU
		{0998B454-9218-4C02-882E-57E3A01C968E}.Release|Any CPU.ActiveCfg = Release|Any CPU
		{0998B454-9218-4C02-882E-57E3A01C968E}.Release|Any CPU.Build.0 = Release|Any CPU
		{7891B515-102A-451F-BBBA-55C9EF7DD624}.Debug|Any CPU.ActiveCfg = Debug|Any CPU
		{7891B515-102A-451F-BBBA-55C9EF7DD624}.Debug|Any CPU.Build.0 = Debug|Any CPU
		{7891B515-102A-451F-BBBA-55C9EF7DD624}.Release|Any CPU.ActiveCfg = Release|Any CPU
		{7891B515-102A-451F-BBBA-55C9EF7DD624}.Release|Any CPU.Build.0 = Release|Any CPU
		{388CF6C9-024F-4E0D-B33A-C3E85C9F050F}.Debug|Any CPU.ActiveCfg = Debug|Any CPU
		{388CF6C9-024F-4E0D-B33A-C3E85C9F050F}.Debug|Any CPU.Build.0 = Debug|Any CPU
		{388CF6C9-024F-4E0D-B33A-C3E85C9F050F}.Release|Any CPU.ActiveCfg = Release|Any CPU
		{388CF6C9-024F-4E0D-B33A-C3E85C9F050F}.Release|Any CPU.Build.0 = Release|Any CPU
		{68A6C76F-6CD7-4CE9-B522-BA1740C0D58B}.Debug|Any CPU.ActiveCfg = Debug|Any CPU
		{68A6C76F-6CD7-4CE9-B522-BA1740C0D58B}.Debug|Any CPU.Build.0 = Debug|Any CPU
		{68A6C76F-6CD7-4CE9-B522-BA1740C0D58B}.Release|Any CPU.ActiveCfg = Release|Any CPU
		{68A6C76F-6CD7-4CE9-B522-BA1740C0D58B}.Release|Any CPU.Build.0 = Release|Any CPU
		{0206F440-981A-4AF4-9437-65EAF466F86D}.Debug|Any CPU.ActiveCfg = Debug|Any CPU
		{0206F440-981A-4AF4-9437-65EAF466F86D}.Debug|Any CPU.Build.0 = Debug|Any CPU
		{0206F440-981A-4AF4-9437-65EAF466F86D}.Release|Any CPU.ActiveCfg = Release|Any CPU
		{0206F440-981A-4AF4-9437-65EAF466F86D}.Release|Any CPU.Build.0 = Release|Any CPU
		{8CCF6F8C-3B42-4C30-A2B2-93EC27004668}.Debug|Any CPU.ActiveCfg = Debug|Any CPU
		{8CCF6F8C-3B42-4C30-A2B2-93EC27004668}.Debug|Any CPU.Build.0 = Debug|Any CPU
		{8CCF6F8C-3B42-4C30-A2B2-93EC27004668}.Release|Any CPU.ActiveCfg = Release|Any CPU
		{8CCF6F8C-3B42-4C30-A2B2-93EC27004668}.Release|Any CPU.Build.0 = Release|Any CPU
		{8BB8249A-1835-48F1-9594-4EB29B43989B}.Debug|Any CPU.ActiveCfg = Debug|Any CPU
		{8BB8249A-1835-48F1-9594-4EB29B43989B}.Debug|Any CPU.Build.0 = Debug|Any CPU
		{8BB8249A-1835-48F1-9594-4EB29B43989B}.Release|Any CPU.ActiveCfg = Release|Any CPU
		{8BB8249A-1835-48F1-9594-4EB29B43989B}.Release|Any CPU.Build.0 = Release|Any CPU
		{BA6A46AC-EDE0-4CE6-AC5C-76F5F36F299B}.Debug|Any CPU.ActiveCfg = Debug|Any CPU
		{BA6A46AC-EDE0-4CE6-AC5C-76F5F36F299B}.Debug|Any CPU.Build.0 = Debug|Any CPU
		{BA6A46AC-EDE0-4CE6-AC5C-76F5F36F299B}.Release|Any CPU.ActiveCfg = Release|Any CPU
		{BA6A46AC-EDE0-4CE6-AC5C-76F5F36F299B}.Release|Any CPU.Build.0 = Release|Any CPU
		{87E5DA17-FA73-4918-905E-1B81609315F3}.Debug|Any CPU.ActiveCfg = Debug|Any CPU
		{87E5DA17-FA73-4918-905E-1B81609315F3}.Debug|Any CPU.Build.0 = Debug|Any CPU
		{87E5DA17-FA73-4918-905E-1B81609315F3}.Release|Any CPU.ActiveCfg = Release|Any CPU
		{87E5DA17-FA73-4918-905E-1B81609315F3}.Release|Any CPU.Build.0 = Release|Any CPU
		{5032844B-5C40-4D80-AC85-D2CED17F7A38}.Debug|Any CPU.ActiveCfg = Debug|Any CPU
		{5032844B-5C40-4D80-AC85-D2CED17F7A38}.Debug|Any CPU.Build.0 = Debug|Any CPU
		{5032844B-5C40-4D80-AC85-D2CED17F7A38}.Release|Any CPU.ActiveCfg = Release|Any CPU
		{5032844B-5C40-4D80-AC85-D2CED17F7A38}.Release|Any CPU.Build.0 = Release|Any CPU
		{70E6F298-BFB4-47A2-8093-DF67E74B7EBA}.Debug|Any CPU.ActiveCfg = Debug|Any CPU
		{70E6F298-BFB4-47A2-8093-DF67E74B7EBA}.Debug|Any CPU.Build.0 = Debug|Any CPU
		{70E6F298-BFB4-47A2-8093-DF67E74B7EBA}.Release|Any CPU.ActiveCfg = Release|Any CPU
		{70E6F298-BFB4-47A2-8093-DF67E74B7EBA}.Release|Any CPU.Build.0 = Release|Any CPU
		{18462019-650E-4183-B336-9BE3465003CC}.Debug|Any CPU.ActiveCfg = Debug|Any CPU
		{18462019-650E-4183-B336-9BE3465003CC}.Debug|Any CPU.Build.0 = Debug|Any CPU
		{18462019-650E-4183-B336-9BE3465003CC}.Release|Any CPU.ActiveCfg = Release|Any CPU
		{18462019-650E-4183-B336-9BE3465003CC}.Release|Any CPU.Build.0 = Release|Any CPU
		{6CBCF411-6C25-4D5D-BC25-95D39E492FCC}.Debug|Any CPU.ActiveCfg = Debug|Any CPU
		{6CBCF411-6C25-4D5D-BC25-95D39E492FCC}.Debug|Any CPU.Build.0 = Debug|Any CPU
		{6CBCF411-6C25-4D5D-BC25-95D39E492FCC}.Release|Any CPU.ActiveCfg = Release|Any CPU
		{6CBCF411-6C25-4D5D-BC25-95D39E492FCC}.Release|Any CPU.Build.0 = Release|Any CPU
		{7DBD35B3-69CD-40FC-A51B-E405FFDAB232}.Debug|Any CPU.ActiveCfg = Debug|Any CPU
		{7DBD35B3-69CD-40FC-A51B-E405FFDAB232}.Debug|Any CPU.Build.0 = Debug|Any CPU
		{7DBD35B3-69CD-40FC-A51B-E405FFDAB232}.Release|Any CPU.ActiveCfg = Release|Any CPU
		{7DBD35B3-69CD-40FC-A51B-E405FFDAB232}.Release|Any CPU.Build.0 = Release|Any CPU
		{D6E62450-A733-4E38-8282-CB9C774C6F22}.Debug|Any CPU.ActiveCfg = Debug|Any CPU
		{D6E62450-A733-4E38-8282-CB9C774C6F22}.Debug|Any CPU.Build.0 = Debug|Any CPU
		{D6E62450-A733-4E38-8282-CB9C774C6F22}.Release|Any CPU.ActiveCfg = Release|Any CPU
		{D6E62450-A733-4E38-8282-CB9C774C6F22}.Release|Any CPU.Build.0 = Release|Any CPU
		{33B043D4-04F9-47A2-ADFF-8646D56FC58A}.Debug|Any CPU.ActiveCfg = Debug|Any CPU
		{33B043D4-04F9-47A2-ADFF-8646D56FC58A}.Debug|Any CPU.Build.0 = Debug|Any CPU
		{33B043D4-04F9-47A2-ADFF-8646D56FC58A}.Release|Any CPU.ActiveCfg = Release|Any CPU
		{33B043D4-04F9-47A2-ADFF-8646D56FC58A}.Release|Any CPU.Build.0 = Release|Any CPU
		{EEF81206-0A24-44E8-9840-A78CEA9E4D1A}.Debug|Any CPU.ActiveCfg = Debug|Any CPU
		{EEF81206-0A24-44E8-9840-A78CEA9E4D1A}.Debug|Any CPU.Build.0 = Debug|Any CPU
		{EEF81206-0A24-44E8-9840-A78CEA9E4D1A}.Release|Any CPU.ActiveCfg = Release|Any CPU
		{EEF81206-0A24-44E8-9840-A78CEA9E4D1A}.Release|Any CPU.Build.0 = Release|Any CPU
		{2A7A66B2-A60C-46AD-8C0E-DFBFA2907293}.Debug|Any CPU.ActiveCfg = Debug|Any CPU
		{2A7A66B2-A60C-46AD-8C0E-DFBFA2907293}.Debug|Any CPU.Build.0 = Debug|Any CPU
		{2A7A66B2-A60C-46AD-8C0E-DFBFA2907293}.Release|Any CPU.ActiveCfg = Release|Any CPU
		{2A7A66B2-A60C-46AD-8C0E-DFBFA2907293}.Release|Any CPU.Build.0 = Release|Any CPU
		{25E0D192-2294-48B6-B792-A00A3C4B09EB}.Debug|Any CPU.ActiveCfg = Debug|Any CPU
		{25E0D192-2294-48B6-B792-A00A3C4B09EB}.Debug|Any CPU.Build.0 = Debug|Any CPU
		{25E0D192-2294-48B6-B792-A00A3C4B09EB}.Release|Any CPU.ActiveCfg = Release|Any CPU
		{25E0D192-2294-48B6-B792-A00A3C4B09EB}.Release|Any CPU.Build.0 = Release|Any CPU
		{63B0FA90-A377-4021-ADB6-1E5000C30FAF}.Debug|Any CPU.ActiveCfg = Debug|Any CPU
		{63B0FA90-A377-4021-ADB6-1E5000C30FAF}.Debug|Any CPU.Build.0 = Debug|Any CPU
		{63B0FA90-A377-4021-ADB6-1E5000C30FAF}.Release|Any CPU.ActiveCfg = Release|Any CPU
		{63B0FA90-A377-4021-ADB6-1E5000C30FAF}.Release|Any CPU.Build.0 = Release|Any CPU
		{AE453D1E-CA71-4D30-8DAD-CC20C5D71EED}.Debug|Any CPU.ActiveCfg = Debug|Any CPU
		{AE453D1E-CA71-4D30-8DAD-CC20C5D71EED}.Debug|Any CPU.Build.0 = Debug|Any CPU
		{AE453D1E-CA71-4D30-8DAD-CC20C5D71EED}.Release|Any CPU.ActiveCfg = Release|Any CPU
		{AE453D1E-CA71-4D30-8DAD-CC20C5D71EED}.Release|Any CPU.Build.0 = Release|Any CPU
		{62755467-9E02-4FB3-8217-CAF216A51928}.Debug|Any CPU.ActiveCfg = Debug|Any CPU
		{62755467-9E02-4FB3-8217-CAF216A51928}.Debug|Any CPU.Build.0 = Debug|Any CPU
		{62755467-9E02-4FB3-8217-CAF216A51928}.Release|Any CPU.ActiveCfg = Release|Any CPU
		{62755467-9E02-4FB3-8217-CAF216A51928}.Release|Any CPU.Build.0 = Release|Any CPU
		{175A1517-ABC6-4FE4-88D2-BA2F7D31DA4D}.Debug|Any CPU.ActiveCfg = Debug|Any CPU
		{175A1517-ABC6-4FE4-88D2-BA2F7D31DA4D}.Debug|Any CPU.Build.0 = Debug|Any CPU
		{175A1517-ABC6-4FE4-88D2-BA2F7D31DA4D}.Release|Any CPU.ActiveCfg = Release|Any CPU
		{175A1517-ABC6-4FE4-88D2-BA2F7D31DA4D}.Release|Any CPU.Build.0 = Release|Any CPU
		{46F3A932-A767-474E-9BF3-E067D3AD5AEB}.Debug|Any CPU.ActiveCfg = Debug|Any CPU
		{46F3A932-A767-474E-9BF3-E067D3AD5AEB}.Debug|Any CPU.Build.0 = Debug|Any CPU
		{46F3A932-A767-474E-9BF3-E067D3AD5AEB}.Release|Any CPU.ActiveCfg = Release|Any CPU
		{46F3A932-A767-474E-9BF3-E067D3AD5AEB}.Release|Any CPU.Build.0 = Release|Any CPU
		{942CC132-3B64-457F-99A0-29DECE061262}.Debug|Any CPU.ActiveCfg = Debug|Any CPU
		{942CC132-3B64-457F-99A0-29DECE061262}.Debug|Any CPU.Build.0 = Debug|Any CPU
		{942CC132-3B64-457F-99A0-29DECE061262}.Release|Any CPU.ActiveCfg = Release|Any CPU
		{942CC132-3B64-457F-99A0-29DECE061262}.Release|Any CPU.Build.0 = Release|Any CPU
		{74504965-4EB4-4A07-B12C-8CCF51F87899}.Debug|Any CPU.ActiveCfg = Debug|Any CPU
		{74504965-4EB4-4A07-B12C-8CCF51F87899}.Debug|Any CPU.Build.0 = Debug|Any CPU
		{74504965-4EB4-4A07-B12C-8CCF51F87899}.Release|Any CPU.ActiveCfg = Release|Any CPU
		{74504965-4EB4-4A07-B12C-8CCF51F87899}.Release|Any CPU.Build.0 = Release|Any CPU
		{87EC1A3D-1F1C-44A4-A1AB-67A8958F265B}.Debug|Any CPU.ActiveCfg = Debug|Any CPU
		{87EC1A3D-1F1C-44A4-A1AB-67A8958F265B}.Debug|Any CPU.Build.0 = Debug|Any CPU
		{87EC1A3D-1F1C-44A4-A1AB-67A8958F265B}.Release|Any CPU.ActiveCfg = Release|Any CPU
		{87EC1A3D-1F1C-44A4-A1AB-67A8958F265B}.Release|Any CPU.Build.0 = Release|Any CPU
		{3D1521BC-E45E-4F88-B64E-DCA186BD4472}.Debug|Any CPU.ActiveCfg = Debug|Any CPU
		{3D1521BC-E45E-4F88-B64E-DCA186BD4472}.Debug|Any CPU.Build.0 = Debug|Any CPU
		{3D1521BC-E45E-4F88-B64E-DCA186BD4472}.Release|Any CPU.ActiveCfg = Release|Any CPU
		{3D1521BC-E45E-4F88-B64E-DCA186BD4472}.Release|Any CPU.Build.0 = Release|Any CPU
		{4B882B00-A4C7-46EB-91B7-0AC0D1C69984}.Debug|Any CPU.ActiveCfg = Debug|Any CPU
		{4B882B00-A4C7-46EB-91B7-0AC0D1C69984}.Debug|Any CPU.Build.0 = Debug|Any CPU
		{4B882B00-A4C7-46EB-91B7-0AC0D1C69984}.Release|Any CPU.ActiveCfg = Release|Any CPU
		{4B882B00-A4C7-46EB-91B7-0AC0D1C69984}.Release|Any CPU.Build.0 = Release|Any CPU
		{4A0480AE-C233-41D6-A84B-6A00106C5AF6}.Debug|Any CPU.ActiveCfg = Debug|Any CPU
		{4A0480AE-C233-41D6-A84B-6A00106C5AF6}.Debug|Any CPU.Build.0 = Debug|Any CPU
		{4A0480AE-C233-41D6-A84B-6A00106C5AF6}.Release|Any CPU.ActiveCfg = Release|Any CPU
		{4A0480AE-C233-41D6-A84B-6A00106C5AF6}.Release|Any CPU.Build.0 = Release|Any CPU
		{AD613D2C-DF33-46C5-9101-CC173C9711B8}.Debug|Any CPU.ActiveCfg = Debug|Any CPU
		{AD613D2C-DF33-46C5-9101-CC173C9711B8}.Debug|Any CPU.Build.0 = Debug|Any CPU
		{AD613D2C-DF33-46C5-9101-CC173C9711B8}.Release|Any CPU.ActiveCfg = Release|Any CPU
		{AD613D2C-DF33-46C5-9101-CC173C9711B8}.Release|Any CPU.Build.0 = Release|Any CPU
		{9853895F-D6EE-401E-9A9B-883EC566D557}.Debug|Any CPU.ActiveCfg = Debug|Any CPU
		{9853895F-D6EE-401E-9A9B-883EC566D557}.Debug|Any CPU.Build.0 = Debug|Any CPU
		{9853895F-D6EE-401E-9A9B-883EC566D557}.Release|Any CPU.ActiveCfg = Release|Any CPU
		{9853895F-D6EE-401E-9A9B-883EC566D557}.Release|Any CPU.Build.0 = Release|Any CPU
		{87FBA049-9760-4E54-B881-C612D5D07F85}.Debug|Any CPU.ActiveCfg = Debug|Any CPU
		{87FBA049-9760-4E54-B881-C612D5D07F85}.Debug|Any CPU.Build.0 = Debug|Any CPU
		{87FBA049-9760-4E54-B881-C612D5D07F85}.Release|Any CPU.ActiveCfg = Release|Any CPU
		{87FBA049-9760-4E54-B881-C612D5D07F85}.Release|Any CPU.Build.0 = Release|Any CPU
		{4653FE41-45B1-4A52-A999-457E4BA68F2E}.Debug|Any CPU.ActiveCfg = Debug|Any CPU
		{4653FE41-45B1-4A52-A999-457E4BA68F2E}.Debug|Any CPU.Build.0 = Debug|Any CPU
		{4653FE41-45B1-4A52-A999-457E4BA68F2E}.Release|Any CPU.ActiveCfg = Release|Any CPU
		{4653FE41-45B1-4A52-A999-457E4BA68F2E}.Release|Any CPU.Build.0 = Release|Any CPU
		{F07E4AD5-200D-41FF-B265-02DF42493182}.Debug|Any CPU.ActiveCfg = Debug|Any CPU
		{F07E4AD5-200D-41FF-B265-02DF42493182}.Debug|Any CPU.Build.0 = Debug|Any CPU
		{F07E4AD5-200D-41FF-B265-02DF42493182}.Release|Any CPU.ActiveCfg = Release|Any CPU
		{F07E4AD5-200D-41FF-B265-02DF42493182}.Release|Any CPU.Build.0 = Release|Any CPU
		{4F764F09-B670-4F3F-8D69-83A2785A60FC}.Debug|Any CPU.ActiveCfg = Debug|Any CPU
		{4F764F09-B670-4F3F-8D69-83A2785A60FC}.Debug|Any CPU.Build.0 = Debug|Any CPU
		{4F764F09-B670-4F3F-8D69-83A2785A60FC}.Release|Any CPU.ActiveCfg = Release|Any CPU
		{4F764F09-B670-4F3F-8D69-83A2785A60FC}.Release|Any CPU.Build.0 = Release|Any CPU
		{D7011D0A-A11D-40B8-8BE4-7C4E49C4DC7D}.Debug|Any CPU.ActiveCfg = Debug|Any CPU
		{D7011D0A-A11D-40B8-8BE4-7C4E49C4DC7D}.Debug|Any CPU.Build.0 = Debug|Any CPU
		{D7011D0A-A11D-40B8-8BE4-7C4E49C4DC7D}.Release|Any CPU.ActiveCfg = Release|Any CPU
		{D7011D0A-A11D-40B8-8BE4-7C4E49C4DC7D}.Release|Any CPU.Build.0 = Release|Any CPU
		{E9A9466F-07A6-4328-AAC6-2B9161EA6634}.Debug|Any CPU.ActiveCfg = Debug|Any CPU
		{E9A9466F-07A6-4328-AAC6-2B9161EA6634}.Debug|Any CPU.Build.0 = Debug|Any CPU
		{E9A9466F-07A6-4328-AAC6-2B9161EA6634}.Release|Any CPU.ActiveCfg = Release|Any CPU
		{E9A9466F-07A6-4328-AAC6-2B9161EA6634}.Release|Any CPU.Build.0 = Release|Any CPU
		{AB01FEF2-4BAC-4C3F-ACD0-2C79E8884E1F}.Debug|Any CPU.ActiveCfg = Debug|Any CPU
		{AB01FEF2-4BAC-4C3F-ACD0-2C79E8884E1F}.Debug|Any CPU.Build.0 = Debug|Any CPU
		{AB01FEF2-4BAC-4C3F-ACD0-2C79E8884E1F}.Release|Any CPU.ActiveCfg = Release|Any CPU
		{AB01FEF2-4BAC-4C3F-ACD0-2C79E8884E1F}.Release|Any CPU.Build.0 = Release|Any CPU
		{BB576040-FF1D-46D0-8C9C-E98C6A689EF9}.Debug|Any CPU.ActiveCfg = Debug|Any CPU
		{BB576040-FF1D-46D0-8C9C-E98C6A689EF9}.Debug|Any CPU.Build.0 = Debug|Any CPU
		{BB576040-FF1D-46D0-8C9C-E98C6A689EF9}.Release|Any CPU.ActiveCfg = Release|Any CPU
		{BB576040-FF1D-46D0-8C9C-E98C6A689EF9}.Release|Any CPU.Build.0 = Release|Any CPU
		{5B28BEC8-B6D9-4863-AB87-C7074CBE9F26}.Debug|Any CPU.ActiveCfg = Debug|Any CPU
		{5B28BEC8-B6D9-4863-AB87-C7074CBE9F26}.Debug|Any CPU.Build.0 = Debug|Any CPU
		{5B28BEC8-B6D9-4863-AB87-C7074CBE9F26}.Release|Any CPU.ActiveCfg = Release|Any CPU
		{5B28BEC8-B6D9-4863-AB87-C7074CBE9F26}.Release|Any CPU.Build.0 = Release|Any CPU
		{75332CA0-149B-4343-8960-3CFD1CFAF3EF}.Debug|Any CPU.ActiveCfg = Debug|Any CPU
		{75332CA0-149B-4343-8960-3CFD1CFAF3EF}.Debug|Any CPU.Build.0 = Debug|Any CPU
		{75332CA0-149B-4343-8960-3CFD1CFAF3EF}.Release|Any CPU.ActiveCfg = Release|Any CPU
		{75332CA0-149B-4343-8960-3CFD1CFAF3EF}.Release|Any CPU.Build.0 = Release|Any CPU
		{E6DC0959-5468-4FC0-B5D8-DFA2B93AB52B}.Debug|Any CPU.ActiveCfg = Debug|Any CPU
		{E6DC0959-5468-4FC0-B5D8-DFA2B93AB52B}.Debug|Any CPU.Build.0 = Debug|Any CPU
		{E6DC0959-5468-4FC0-B5D8-DFA2B93AB52B}.Release|Any CPU.ActiveCfg = Release|Any CPU
		{E6DC0959-5468-4FC0-B5D8-DFA2B93AB52B}.Release|Any CPU.Build.0 = Release|Any CPU
		{424304CE-3DFD-4B2B-AC06-C548F5B7242B}.Debug|Any CPU.ActiveCfg = Debug|Any CPU
		{424304CE-3DFD-4B2B-AC06-C548F5B7242B}.Debug|Any CPU.Build.0 = Debug|Any CPU
		{424304CE-3DFD-4B2B-AC06-C548F5B7242B}.Release|Any CPU.ActiveCfg = Release|Any CPU
		{424304CE-3DFD-4B2B-AC06-C548F5B7242B}.Release|Any CPU.Build.0 = Release|Any CPU
		{5CC49936-6732-4DB3-B2AF-B4AD52087E55}.Debug|Any CPU.ActiveCfg = Debug|Any CPU
		{5CC49936-6732-4DB3-B2AF-B4AD52087E55}.Debug|Any CPU.Build.0 = Debug|Any CPU
		{5CC49936-6732-4DB3-B2AF-B4AD52087E55}.Release|Any CPU.ActiveCfg = Release|Any CPU
		{5CC49936-6732-4DB3-B2AF-B4AD52087E55}.Release|Any CPU.Build.0 = Release|Any CPU
		{C72FA008-FA4E-4FEE-AED9-423B03438136}.Debug|Any CPU.ActiveCfg = Debug|Any CPU
		{C72FA008-FA4E-4FEE-AED9-423B03438136}.Debug|Any CPU.Build.0 = Debug|Any CPU
		{C72FA008-FA4E-4FEE-AED9-423B03438136}.Release|Any CPU.ActiveCfg = Release|Any CPU
		{C72FA008-FA4E-4FEE-AED9-423B03438136}.Release|Any CPU.Build.0 = Release|Any CPU
		{D02AF262-8B59-4C60-A81A-423931EAFD0F}.Debug|Any CPU.ActiveCfg = Debug|Any CPU
		{D02AF262-8B59-4C60-A81A-423931EAFD0F}.Debug|Any CPU.Build.0 = Debug|Any CPU
		{D02AF262-8B59-4C60-A81A-423931EAFD0F}.Release|Any CPU.ActiveCfg = Release|Any CPU
		{D02AF262-8B59-4C60-A81A-423931EAFD0F}.Release|Any CPU.Build.0 = Release|Any CPU
		{10C1634E-2DB2-4168-B689-E1AF5AF28827}.Debug|Any CPU.ActiveCfg = Debug|Any CPU
		{10C1634E-2DB2-4168-B689-E1AF5AF28827}.Debug|Any CPU.Build.0 = Debug|Any CPU
		{10C1634E-2DB2-4168-B689-E1AF5AF28827}.Release|Any CPU.ActiveCfg = Release|Any CPU
		{10C1634E-2DB2-4168-B689-E1AF5AF28827}.Release|Any CPU.Build.0 = Release|Any CPU
		{0BEF557F-B6C9-47E4-B71A-68D02EE8733E}.Debug|Any CPU.ActiveCfg = Debug|Any CPU
		{0BEF557F-B6C9-47E4-B71A-68D02EE8733E}.Debug|Any CPU.Build.0 = Debug|Any CPU
		{0BEF557F-B6C9-47E4-B71A-68D02EE8733E}.Release|Any CPU.ActiveCfg = Release|Any CPU
		{0BEF557F-B6C9-47E4-B71A-68D02EE8733E}.Release|Any CPU.Build.0 = Release|Any CPU
		{2D27E5AE-DB65-4BF6-A9BB-973FBAA9421A}.Debug|Any CPU.ActiveCfg = Debug|Any CPU
		{2D27E5AE-DB65-4BF6-A9BB-973FBAA9421A}.Debug|Any CPU.Build.0 = Debug|Any CPU
		{2D27E5AE-DB65-4BF6-A9BB-973FBAA9421A}.Release|Any CPU.ActiveCfg = Release|Any CPU
		{2D27E5AE-DB65-4BF6-A9BB-973FBAA9421A}.Release|Any CPU.Build.0 = Release|Any CPU
		{BFD6BB8E-A594-4114-A89C-D756FB04997C}.Debug|Any CPU.ActiveCfg = Debug|Any CPU
		{BFD6BB8E-A594-4114-A89C-D756FB04997C}.Debug|Any CPU.Build.0 = Debug|Any CPU
		{BFD6BB8E-A594-4114-A89C-D756FB04997C}.Release|Any CPU.ActiveCfg = Release|Any CPU
		{BFD6BB8E-A594-4114-A89C-D756FB04997C}.Release|Any CPU.Build.0 = Release|Any CPU
	EndGlobalSection
	GlobalSection(SolutionProperties) = preSolution
		HideSolutionNode = FALSE
	EndGlobalSection
	GlobalSection(NestedProjects) = preSolution
		{364B26B6-57F7-458A-8049-C7F8E5B2025A} = {8B2E603C-C69C-42AB-AD6B-5E0C2F2D1A17}
		{3216A808-A5F9-46ED-891F-CC45B746ECC1} = {8B2E603C-C69C-42AB-AD6B-5E0C2F2D1A17}
		{1A55FE4A-7856-424C-BF35-F562B8DA1CAF} = {8B2E603C-C69C-42AB-AD6B-5E0C2F2D1A17}
		{6411FA01-0C52-438B-97C6-F2598D09429B} = {6176B991-F8E7-4919-8F4E-4FD43A86D84D}
		{6820FB1D-5D47-432E-89DD-DC3E470D90AE} = {6CB07186-750A-4480-9A26-5FB1F3CCAF1C}
		{A7F4E6DA-AA1E-45DF-8099-2ADA6CEE332D} = {6820FB1D-5D47-432E-89DD-DC3E470D90AE}
		{14AE1F67-036F-4C15-AAAA-AD8C7926204D} = {6820FB1D-5D47-432E-89DD-DC3E470D90AE}
		{31DD4734-58C9-4692-A250-31C2E5589C54} = {6820FB1D-5D47-432E-89DD-DC3E470D90AE}
		{B0698A9B-020E-45F7-A57C-6751507E1D38} = {6820FB1D-5D47-432E-89DD-DC3E470D90AE}
		{65BDCD30-6BEE-4B7B-AC9D-7874E3B5404B} = {6820FB1D-5D47-432E-89DD-DC3E470D90AE}
		{248A8233-F644-4BFB-AF2B-D1DB82CE780D} = {6820FB1D-5D47-432E-89DD-DC3E470D90AE}
		{B8CBC760-C58C-4179-AADD-30A2024F2699} = {6411FA01-0C52-438B-97C6-F2598D09429B}
		{411B27CB-DD64-4E3A-9C13-D3C19744D791} = {6411FA01-0C52-438B-97C6-F2598D09429B}
		{CEFC06A1-6276-4722-B7BA-F78024700B5C} = {6411FA01-0C52-438B-97C6-F2598D09429B}
		{015CBAF8-3214-4909-9AD2-C572C026D18A} = {6411FA01-0C52-438B-97C6-F2598D09429B}
		{2EE6924C-D65A-40C6-869A-4F1DDA3EF465} = {6411FA01-0C52-438B-97C6-F2598D09429B}
		{4660388D-1C48-4609-A835-5960CCDB6653} = {6411FA01-0C52-438B-97C6-F2598D09429B}
		{08F96886-A3BE-4A14-97A5-15745A0B399C} = {6176B991-F8E7-4919-8F4E-4FD43A86D84D}
		{D5F49B4B-D0A9-434F-B2B9-1D9CCCDB4EC0} = {6176B991-F8E7-4919-8F4E-4FD43A86D84D}
		{824BE52A-B01B-4BE3-B3E8-A7FF6158A5E6} = {D5F49B4B-D0A9-434F-B2B9-1D9CCCDB4EC0}
		{905A7309-DF75-4FAA-84A0-F16E57B30660} = {D5F49B4B-D0A9-434F-B2B9-1D9CCCDB4EC0}
		{21559305-9413-470C-81E8-751A83CE73FB} = {D5F49B4B-D0A9-434F-B2B9-1D9CCCDB4EC0}
		{7C888E79-3189-40D0-8365-23F22A18DFAB} = {D5F49B4B-D0A9-434F-B2B9-1D9CCCDB4EC0}
		{0CD67CC2-1015-40EE-9947-5DA63B64338E} = {D5F49B4B-D0A9-434F-B2B9-1D9CCCDB4EC0}
		{8A8AF709-D36D-46C0-B2FA-8A9E15CB10C3} = {D5F49B4B-D0A9-434F-B2B9-1D9CCCDB4EC0}
		{E5F86246-8E9B-4E8B-B053-1CAB5F6BCF6D} = {6411FA01-0C52-438B-97C6-F2598D09429B}
		{F1657FF8-22B8-4AF7-BA7F-A2199E572FB1} = {6820FB1D-5D47-432E-89DD-DC3E470D90AE}
		{666154F3-34D7-42A0-A749-84FCD614BB50} = {7D848D06-BE9B-4CCA-AD7E-F08EF317F1F3}
		{7D848D06-BE9B-4CCA-AD7E-F08EF317F1F3} = {6176B991-F8E7-4919-8F4E-4FD43A86D84D}
		{2CE5146D-B187-4A71-8356-978C84EEA995} = {7D848D06-BE9B-4CCA-AD7E-F08EF317F1F3}
		{E46226CA-15C8-433D-A461-F9141B6316A8} = {7D848D06-BE9B-4CCA-AD7E-F08EF317F1F3}
		{E7968112-3244-4F92-B10F-2CF22EDDD208} = {7D848D06-BE9B-4CCA-AD7E-F08EF317F1F3}
		{ADCEAEC7-6098-491F-B7EC-CC1334270DBE} = {7D848D06-BE9B-4CCA-AD7E-F08EF317F1F3}
		{B3529C75-9A5B-4BA5-A0A5-8C9D7DE200F3} = {7D848D06-BE9B-4CCA-AD7E-F08EF317F1F3}
		{3F3ED231-6FAD-4980-A780-467ECA764938} = {7D848D06-BE9B-4CCA-AD7E-F08EF317F1F3}
		{6978F74B-2941-467F-B593-C42B3960469A} = {D5F49B4B-D0A9-434F-B2B9-1D9CCCDB4EC0}
		{9EE7FC15-A3F5-4261-B869-F79FC045DAE8} = {6176B991-F8E7-4919-8F4E-4FD43A86D84D}
		{D7B2D9AB-42E2-422E-8533-7BF821772D70} = {9EE7FC15-A3F5-4261-B869-F79FC045DAE8}
		{F1E77E90-5BC8-4410-9CD4-F85589BDA29B} = {9EE7FC15-A3F5-4261-B869-F79FC045DAE8}
		{597FEBAE-DF8E-4167-BBFC-689FA111A31C} = {9EE7FC15-A3F5-4261-B869-F79FC045DAE8}
		{FBF4CD4E-7B6F-4202-BFC1-C115A6BFCCB4} = {9EE7FC15-A3F5-4261-B869-F79FC045DAE8}
		{82438247-9C88-43E4-87DC-4F479CE22078} = {9EE7FC15-A3F5-4261-B869-F79FC045DAE8}
		{284AB8C2-A844-42AB-BDC9-1E1ABFCB2AD5} = {9EE7FC15-A3F5-4261-B869-F79FC045DAE8}
		{7393AA53-848A-477B-9054-09D64F5A9C1A} = {9EE7FC15-A3F5-4261-B869-F79FC045DAE8}
		{FEA1CAF5-8922-452B-94F5-A4987B97269E} = {6176B991-F8E7-4919-8F4E-4FD43A86D84D}
		{F7C669FA-14A8-43FC-891E-39C96F7D8973} = {FEA1CAF5-8922-452B-94F5-A4987B97269E}
		{AB25A359-A4B5-439C-8C26-09CD8061E5A8} = {FEA1CAF5-8922-452B-94F5-A4987B97269E}
		{0998B454-9218-4C02-882E-57E3A01C968E} = {FEA1CAF5-8922-452B-94F5-A4987B97269E}
		{7891B515-102A-451F-BBBA-55C9EF7DD624} = {FEA1CAF5-8922-452B-94F5-A4987B97269E}
		{388CF6C9-024F-4E0D-B33A-C3E85C9F050F} = {FEA1CAF5-8922-452B-94F5-A4987B97269E}
		{68A6C76F-6CD7-4CE9-B522-BA1740C0D58B} = {FEA1CAF5-8922-452B-94F5-A4987B97269E}
		{0206F440-981A-4AF4-9437-65EAF466F86D} = {FEA1CAF5-8922-452B-94F5-A4987B97269E}
		{B40E1268-1842-4177-8ED1-6170BBA5382C} = {6176B991-F8E7-4919-8F4E-4FD43A86D84D}
		{8CCF6F8C-3B42-4C30-A2B2-93EC27004668} = {B40E1268-1842-4177-8ED1-6170BBA5382C}
		{8BB8249A-1835-48F1-9594-4EB29B43989B} = {B40E1268-1842-4177-8ED1-6170BBA5382C}
		{BA6A46AC-EDE0-4CE6-AC5C-76F5F36F299B} = {B40E1268-1842-4177-8ED1-6170BBA5382C}
		{87E5DA17-FA73-4918-905E-1B81609315F3} = {B40E1268-1842-4177-8ED1-6170BBA5382C}
		{5032844B-5C40-4D80-AC85-D2CED17F7A38} = {B40E1268-1842-4177-8ED1-6170BBA5382C}
		{70E6F298-BFB4-47A2-8093-DF67E74B7EBA} = {B40E1268-1842-4177-8ED1-6170BBA5382C}
		{18462019-650E-4183-B336-9BE3465003CC} = {B40E1268-1842-4177-8ED1-6170BBA5382C}
		{92818914-9608-4585-8982-AB7F73C2B8B1} = {6176B991-F8E7-4919-8F4E-4FD43A86D84D}
		{6CBCF411-6C25-4D5D-BC25-95D39E492FCC} = {92818914-9608-4585-8982-AB7F73C2B8B1}
		{7DBD35B3-69CD-40FC-A51B-E405FFDAB232} = {92818914-9608-4585-8982-AB7F73C2B8B1}
		{D6E62450-A733-4E38-8282-CB9C774C6F22} = {92818914-9608-4585-8982-AB7F73C2B8B1}
		{33B043D4-04F9-47A2-ADFF-8646D56FC58A} = {92818914-9608-4585-8982-AB7F73C2B8B1}
		{EEF81206-0A24-44E8-9840-A78CEA9E4D1A} = {92818914-9608-4585-8982-AB7F73C2B8B1}
		{2A7A66B2-A60C-46AD-8C0E-DFBFA2907293} = {92818914-9608-4585-8982-AB7F73C2B8B1}
		{25E0D192-2294-48B6-B792-A00A3C4B09EB} = {92818914-9608-4585-8982-AB7F73C2B8B1}
		{64B925F8-05D6-42F6-B9ED-13E2B625A5E1} = {6176B991-F8E7-4919-8F4E-4FD43A86D84D}
		{AE9268FE-52CB-44A2-8EF4-1DFDFE8D13A7} = {6176B991-F8E7-4919-8F4E-4FD43A86D84D}
		{C1002148-A281-40F5-943F-E4D5E726C1E6} = {6176B991-F8E7-4919-8F4E-4FD43A86D84D}
		{63B0FA90-A377-4021-ADB6-1E5000C30FAF} = {64B925F8-05D6-42F6-B9ED-13E2B625A5E1}
		{AE453D1E-CA71-4D30-8DAD-CC20C5D71EED} = {64B925F8-05D6-42F6-B9ED-13E2B625A5E1}
		{62755467-9E02-4FB3-8217-CAF216A51928} = {64B925F8-05D6-42F6-B9ED-13E2B625A5E1}
		{175A1517-ABC6-4FE4-88D2-BA2F7D31DA4D} = {64B925F8-05D6-42F6-B9ED-13E2B625A5E1}
		{46F3A932-A767-474E-9BF3-E067D3AD5AEB} = {64B925F8-05D6-42F6-B9ED-13E2B625A5E1}
		{942CC132-3B64-457F-99A0-29DECE061262} = {64B925F8-05D6-42F6-B9ED-13E2B625A5E1}
		{74504965-4EB4-4A07-B12C-8CCF51F87899} = {64B925F8-05D6-42F6-B9ED-13E2B625A5E1}
		{87EC1A3D-1F1C-44A4-A1AB-67A8958F265B} = {AE9268FE-52CB-44A2-8EF4-1DFDFE8D13A7}
		{3D1521BC-E45E-4F88-B64E-DCA186BD4472} = {AE9268FE-52CB-44A2-8EF4-1DFDFE8D13A7}
		{4B882B00-A4C7-46EB-91B7-0AC0D1C69984} = {AE9268FE-52CB-44A2-8EF4-1DFDFE8D13A7}
		{4A0480AE-C233-41D6-A84B-6A00106C5AF6} = {AE9268FE-52CB-44A2-8EF4-1DFDFE8D13A7}
		{AD613D2C-DF33-46C5-9101-CC173C9711B8} = {AE9268FE-52CB-44A2-8EF4-1DFDFE8D13A7}
		{9853895F-D6EE-401E-9A9B-883EC566D557} = {AE9268FE-52CB-44A2-8EF4-1DFDFE8D13A7}
		{87FBA049-9760-4E54-B881-C612D5D07F85} = {AE9268FE-52CB-44A2-8EF4-1DFDFE8D13A7}
		{4653FE41-45B1-4A52-A999-457E4BA68F2E} = {C1002148-A281-40F5-943F-E4D5E726C1E6}
		{F07E4AD5-200D-41FF-B265-02DF42493182} = {C1002148-A281-40F5-943F-E4D5E726C1E6}
		{4F764F09-B670-4F3F-8D69-83A2785A60FC} = {C1002148-A281-40F5-943F-E4D5E726C1E6}
		{D7011D0A-A11D-40B8-8BE4-7C4E49C4DC7D} = {C1002148-A281-40F5-943F-E4D5E726C1E6}
		{E9A9466F-07A6-4328-AAC6-2B9161EA6634} = {C1002148-A281-40F5-943F-E4D5E726C1E6}
		{AB01FEF2-4BAC-4C3F-ACD0-2C79E8884E1F} = {C1002148-A281-40F5-943F-E4D5E726C1E6}
		{BB576040-FF1D-46D0-8C9C-E98C6A689EF9} = {C1002148-A281-40F5-943F-E4D5E726C1E6}
		{0D1BA9B6-5A2C-41ED-8DDD-E93B0D93FC34} = {6176B991-F8E7-4919-8F4E-4FD43A86D84D}
		{5B28BEC8-B6D9-4863-AB87-C7074CBE9F26} = {0D1BA9B6-5A2C-41ED-8DDD-E93B0D93FC34}
		{75332CA0-149B-4343-8960-3CFD1CFAF3EF} = {0D1BA9B6-5A2C-41ED-8DDD-E93B0D93FC34}
		{E6DC0959-5468-4FC0-B5D8-DFA2B93AB52B} = {0D1BA9B6-5A2C-41ED-8DDD-E93B0D93FC34}
		{424304CE-3DFD-4B2B-AC06-C548F5B7242B} = {0D1BA9B6-5A2C-41ED-8DDD-E93B0D93FC34}
		{5CC49936-6732-4DB3-B2AF-B4AD52087E55} = {0D1BA9B6-5A2C-41ED-8DDD-E93B0D93FC34}
		{C72FA008-FA4E-4FEE-AED9-423B03438136} = {0D1BA9B6-5A2C-41ED-8DDD-E93B0D93FC34}
		{D02AF262-8B59-4C60-A81A-423931EAFD0F} = {0D1BA9B6-5A2C-41ED-8DDD-E93B0D93FC34}
		{10C1634E-2DB2-4168-B689-E1AF5AF28827} = {373AD218-9E4D-4AE6-83DF-4DC7250FFAC7}
		{0BEF557F-B6C9-47E4-B71A-68D02EE8733E} = {08F96886-A3BE-4A14-97A5-15745A0B399C}
		{2D27E5AE-DB65-4BF6-A9BB-973FBAA9421A} = {8B2E603C-C69C-42AB-AD6B-5E0C2F2D1A17}
		{BFD6BB8E-A594-4114-A89C-D756FB04997C} = {08F96886-A3BE-4A14-97A5-15745A0B399C}
	EndGlobalSection
	GlobalSection(ExtensibilityGlobals) = postSolution
		SolutionGuid = {A5151DEE-0817-484F-8977-6CD05FF9DCB1}
	EndGlobalSection
EndGlobal
